
Microsoft Visual Studio Solution File, Format Version 12.00
# Visual Studio Version 17
VisualStudioVersion = 17.4.33205.214
MinimumVisualStudioVersion = 10.0.40219.1
Project("{2150E333-8FDC-42A3-9474-1A3956D46DE8}") = "src", "src", "{B1C0EA3A-89DC-4C56-ADF3-ED40834E0EF9}"
EndProject
Project("{FAE04EC0-301F-11D3-BF4B-00C04F79EFBC}") = "StoreApplicationCore", "StoreApplicationCore\StoreApplicationCore.csproj", "{90847698-1E78-47A7-B562-EBEA1E022670}"
EndProject
Global
	GlobalSection(SolutionConfigurationPlatforms) = preSolution
		Debug|Any CPU = Debug|Any CPU
		Release|Any CPU = Release|Any CPU
	EndGlobalSection
	GlobalSection(ProjectConfigurationPlatforms) = postSolution
		{90847698-1E78-47A7-B562-EBEA1E022670}.Debug|Any CPU.ActiveCfg = Debug|Any CPU
		{90847698-1E78-47A7-B562-EBEA1E022670}.Debug|Any CPU.Build.0 = Debug|Any CPU
		{90847698-1E78-47A7-B562-EBEA1E022670}.Release|Any CPU.ActiveCfg = Release|Any CPU
		{90847698-1E78-47A7-B562-EBEA1E022670}.Release|Any CPU.Build.0 = Release|Any CPU
	EndGlobalSection
	GlobalSection(SolutionProperties) = preSolution
		HideSolutionNode = FALSE
	EndGlobalSection
	GlobalSection(NestedProjects) = preSolution
		{90847698-1E78-47A7-B562-EBEA1E022670} = {B1C0EA3A-89DC-4C56-ADF3-ED40834E0EF9}
	EndGlobalSection
	GlobalSection(ExtensibilityGlobals) = postSolution
		SolutionGuid = {CD1D62E7-F00A-4569-ABB2-67D73B36FD76}
	EndGlobalSection
EndGlobal
